lockfileVersion: '6.0'

settings:
  autoInstallPeers: true
  excludeLinksFromLockfile: false

dependencies:
  '@tiptap/core':
    specifier: ^2.4.0
    version: 2.4.0(@tiptap/pm@2.4.0)
  '@tiptap/extension-bullet-list':
    specifier: ^2.4.0
    version: 2.4.0(@tiptap/core@2.4.0)
  '@tiptap/extension-character-count':
    specifier: ^2.4.0
    version: 2.4.0(@tiptap/core@2.4.0)(@tiptap/pm@2.4.0)
  '@tiptap/extension-code-block-lowlight':
    specifier: ^2.4.0
    version: 2.4.0(@tiptap/core@2.4.0)(@tiptap/extension-code-block@2.4.0)(@tiptap/pm@2.4.0)
  '@tiptap/extension-collaboration':
    specifier: ^2.4.0
    version: 2.4.0(@tiptap/core@2.4.0)(@tiptap/pm@2.4.0)(y-prosemirror@1.2.9)
  '@tiptap/extension-collaboration-cursor':
    specifier: ^2.4.0
    version: 2.4.0(@tiptap/core@2.4.0)(y-prosemirror@1.2.9)
  '@tiptap/extension-highlight':
    specifier: ^2.4.0
    version: 2.4.0(@tiptap/core@2.4.0)
  '@tiptap/extension-list-item':
    specifier: ^2.4.0
    version: 2.4.0(@tiptap/core@2.4.0)
  '@tiptap/extension-mention':
    specifier: ^2.4.0
    version: 2.4.0(@tiptap/core@2.4.0)(@tiptap/pm@2.4.0)(@tiptap/suggestion@2.4.0)
  '@tiptap/extension-ordered-list':
    specifier: ^2.4.0
    version: 2.4.0(@tiptap/core@2.4.0)
  '@tiptap/extension-placeholder':
    specifier: ^2.4.0
    version: 2.4.0(@tiptap/core@2.4.0)(@tiptap/pm@2.4.0)
  '@tiptap/extension-subscript':
    specifier: ^2.4.0
    version: 2.4.0(@tiptap/core@2.4.0)
  '@tiptap/extension-superscript':
    specifier: ^2.4.0
    version: 2.4.0(@tiptap/core@2.4.0)
  '@tiptap/extension-task-item':
    specifier: ^2.4.0
    version: 2.4.0(@tiptap/core@2.4.0)(@tiptap/pm@2.4.0)
  '@tiptap/extension-task-list':
    specifier: ^2.4.0
    version: 2.4.0(@tiptap/core@2.4.0)
  '@tiptap/extension-text-align':
    specifier: ^2.4.0
    version: 2.4.0(@tiptap/core@2.4.0)
  '@tiptap/extension-underline':
    specifier: ^2.4.0
    version: 2.4.0(@tiptap/core@2.4.0)
  '@tiptap/pm':
    specifier: ^2.4.0
    version: 2.4.0
  '@tiptap/starter-kit':
    specifier: ^2.4.0
    version: 2.4.0(@tiptap/pm@2.4.0)
  '@tiptap/suggestion':
    specifier: ^2.4.0
    version: 2.4.0(@tiptap/core@2.4.0)(@tiptap/pm@2.4.0)
  '@tiptap/vue-3':
    specifier: ^2.4.0
    version: 2.4.0(@tiptap/core@2.4.0)(@tiptap/pm@2.4.0)(vue@3.4.31)
  highlight.js:
    specifier: ^11.10.0
    version: 11.10.0
  lowlight:
    specifier: ^3.1.0
    version: 3.1.0

packages:

  /@babel/helper-string-parser@7.24.8:
    resolution: {integrity: sha512-pO9KhhRcuUyGnJWwyEgnRJTSIZHiT+vMD0kPeD+so0l7mxkMT19g3pjY9GTnHySck/hDzq+dtW/4VgnMkippsQ==}
    engines: {node: '>=6.9.0'}
    dev: false

  /@babel/helper-validator-identifier@7.24.7:
    resolution: {integrity: sha512-rR+PBcQ1SMQDDyF6X0wxtG8QyLCgUB0eRAGguqRLfkCA87l7yAP7ehq8SNj96OOGTO8OBV70KhuFYcIkHXOg0w==}
    engines: {node: '>=6.9.0'}
    dev: false

  /@babel/parser@7.24.8:
    resolution: {integrity: sha512-WzfbgXOkGzZiXXCqk43kKwZjzwx4oulxZi3nq2TYL9mOjQv6kYwul9mz6ID36njuL7Xkp6nJEfok848Zj10j/w==}
    engines: {node: '>=6.0.0'}
    hasBin: true
    dependencies:
      '@babel/types': 7.24.8
    dev: false

  /@babel/types@7.24.8:
    resolution: {integrity: sha512-SkSBEHwwJRU52QEVZBmMBnE5Ux2/6WU1grdYyOhpbCNxbmJrDuDCphBzKZSO3taf0zztp+qkWlymE5tVL5l0TA==}
    engines: {node: '>=6.9.0'}
    dependencies:
      '@babel/helper-string-parser': 7.24.8
      '@babel/helper-validator-identifier': 7.24.7
      to-fast-properties: 2.0.0
    dev: false

  /@jridgewell/sourcemap-codec@1.5.0:
    resolution: {integrity: sha512-gv3ZRaISU3fjPAgNsriBRqGWQL6quFx04YMPW/zD8XMLsU32mhCCbfbO6KZFLjvYpCZ8zyDEgqsgf+PwPaM7GQ==}
    dev: false

  /@popperjs/core@2.11.8:
    resolution: {integrity: sha512-P1st0aksCrn9sGZhp8GMYwBnQsbvAWsZAX44oXNNvLHGqAOcoVxmjZiohstwQ7SqKnbR47akdNi+uleWD8+g6A==}
    dev: false

  /@remirror/core-constants@2.0.2:
    resolution: {integrity: sha512-dyHY+sMF0ihPus3O27ODd4+agdHMEmuRdyiZJ2CCWjPV5UFmn17ZbElvk6WOGVE4rdCJKZQCrPV2BcikOMLUGQ==}
    dev: false

  /@tiptap/core@2.4.0(@tiptap/pm@2.4.0):
    resolution: {integrity: sha512-YJSahk8pkxpCs8SflCZfTnJpE7IPyUWIylfgXM2DefjRQa5DZ+c6sNY0s/zbxKYFQ6AuHVX40r9pCfcqHChGxQ==}
    peerDependencies:
      '@tiptap/pm': ^2.0.0
    dependencies:
      '@tiptap/pm': 2.4.0
    dev: false

  /@tiptap/extension-blockquote@2.4.0(@tiptap/core@2.4.0):
    resolution: {integrity: sha512-nJJy4KsPgQqWTTDOWzFRdjCfG5+QExfZj44dulgDFNh+E66xhamnbM70PklllXJgEcge7xmT5oKM0gKls5XgFw==}
    peerDependencies:
      '@tiptap/core': ^2.0.0
    dependencies:
      '@tiptap/core': 2.4.0(@tiptap/pm@2.4.0)
    dev: false

  /@tiptap/extension-bold@2.4.0(@tiptap/core@2.4.0):
    resolution: {integrity: sha512-csnW6hMDEHoRfxcPRLSqeJn+j35Lgtt1YRiOwn7DlS66sAECGRuoGfCvQSPij0TCDp4VCR9if5Sf8EymhnQumQ==}
    peerDependencies:
      '@tiptap/core': ^2.0.0
    dependencies:
      '@tiptap/core': 2.4.0(@tiptap/pm@2.4.0)
    dev: false

  /@tiptap/extension-bubble-menu@2.4.0(@tiptap/core@2.4.0)(@tiptap/pm@2.4.0):
    resolution: {integrity: sha512-s99HmttUtpW3rScWq8rqk4+CGCwergNZbHLTkF6Rp6TSboMwfp+rwL5Q/JkcAG9KGLso1vGyXKbt1xHOvm8zMw==}
    peerDependencies:
      '@tiptap/core': ^2.0.0
      '@tiptap/pm': ^2.0.0
    dependencies:
      '@tiptap/core': 2.4.0(@tiptap/pm@2.4.0)
      '@tiptap/pm': 2.4.0
      tippy.js: 6.3.7
    dev: false

  /@tiptap/extension-bullet-list@2.4.0(@tiptap/core@2.4.0):
    resolution: {integrity: sha512-9S5DLIvFRBoExvmZ+/ErpTvs4Wf1yOEs8WXlKYUCcZssK7brTFj99XDwpHFA29HKDwma5q9UHhr2OB2o0JYAdw==}
    peerDependencies:
      '@tiptap/core': ^2.0.0
    dependencies:
      '@tiptap/core': 2.4.0(@tiptap/pm@2.4.0)
    dev: false

  /@tiptap/extension-character-count@2.4.0(@tiptap/core@2.4.0)(@tiptap/pm@2.4.0):
    resolution: {integrity: sha512-IA3Fubvag5N/7m2xS/T8D1nH26UyebBL9CtZ3/4de4faKgvDQLlILsSI2Hefi7j7rUCYCYzgF2S0Gny+Z76ulw==}
    peerDependencies:
      '@tiptap/core': ^2.0.0
      '@tiptap/pm': ^2.0.0
    dependencies:
      '@tiptap/core': 2.4.0(@tiptap/pm@2.4.0)
      '@tiptap/pm': 2.4.0
    dev: false

  /@tiptap/extension-code-block-lowlight@2.4.0(@tiptap/core@2.4.0)(@tiptap/extension-code-block@2.4.0)(@tiptap/pm@2.4.0):
    resolution: {integrity: sha512-j0SdFq66A97Cn7bQOMqFYBaYsmOltZZ6o4uDZH6fdTvEFbfXTdtTYs2awsNSbW+w/DtivKZCvAX1FRLR3/g/5A==}
    peerDependencies:
      '@tiptap/core': ^2.0.0
      '@tiptap/extension-code-block': ^2.0.0
      '@tiptap/pm': ^2.0.0
    dependencies:
      '@tiptap/core': 2.4.0(@tiptap/pm@2.4.0)
      '@tiptap/extension-code-block': 2.4.0(@tiptap/core@2.4.0)(@tiptap/pm@2.4.0)
      '@tiptap/pm': 2.4.0
    dev: false

  /@tiptap/extension-code-block@2.4.0(@tiptap/core@2.4.0)(@tiptap/pm@2.4.0):
    resolution: {integrity: sha512-QWGdv1D56TBGbbJSj2cIiXGJEKguPiAl9ONzJ/Ql1ZksiQsYwx0YHriXX6TOC//T4VIf6NSClHEtwtxWBQ/Csg==}
    peerDependencies:
      '@tiptap/core': ^2.0.0
      '@tiptap/pm': ^2.0.0
    dependencies:
      '@tiptap/core': 2.4.0(@tiptap/pm@2.4.0)
      '@tiptap/pm': 2.4.0
    dev: false

  /@tiptap/extension-code@2.4.0(@tiptap/core@2.4.0):
    resolution: {integrity: sha512-wjhBukuiyJMq4cTcK3RBTzUPV24k5n1eEPlpmzku6ThwwkMdwynnMGMAmSF3fErh3AOyOUPoTTjgMYN2d10SJA==}
    peerDependencies:
      '@tiptap/core': ^2.0.0
    dependencies:
      '@tiptap/core': 2.4.0(@tiptap/pm@2.4.0)
    dev: false

  /@tiptap/extension-collaboration-cursor@2.4.0(@tiptap/core@2.4.0)(y-prosemirror@1.2.9):
    resolution: {integrity: sha512-BTVy9FCTGdHxYieJ4lteVLrRY5qAPQyfunhMwakVf1NT3iU9quE6CaeaIwt6wEDJPMPPKzOHg1/ltSz9nIDe4A==}
    peerDependencies:
      '@tiptap/core': ^2.0.0
      y-prosemirror: ^1.2.5
    dependencies:
      '@tiptap/core': 2.4.0(@tiptap/pm@2.4.0)
      y-prosemirror: 1.2.9(prosemirror-model@1.21.3)(prosemirror-state@1.4.3)(prosemirror-view@1.33.8)(y-protocols@1.0.6)(yjs@13.6.18)
    dev: false

  /@tiptap/extension-collaboration@2.4.0(@tiptap/core@2.4.0)(@tiptap/pm@2.4.0)(y-prosemirror@1.2.9):
    resolution: {integrity: sha512-achU+GU9tqxn3zsU61CbwWrCausf0U23MJIpo8vnywOIx6E955by6okHEHoUazLIGVFXVc5DBzBP7bf+Snzk0Q==}
    peerDependencies:
      '@tiptap/core': ^2.0.0
      '@tiptap/pm': ^2.0.0
      y-prosemirror: ^1.2.5
    dependencies:
      '@tiptap/core': 2.4.0(@tiptap/pm@2.4.0)
      '@tiptap/pm': 2.4.0
      y-prosemirror: 1.2.9(prosemirror-model@1.21.3)(prosemirror-state@1.4.3)(prosemirror-view@1.33.8)(y-protocols@1.0.6)(yjs@13.6.18)
    dev: false

  /@tiptap/extension-document@2.4.0(@tiptap/core@2.4.0):
    resolution: {integrity: sha512-3jRodQJZDGbXlRPERaloS+IERg/VwzpC1IO6YSJR9jVIsBO6xC29P3cKTQlg1XO7p6ZH/0ksK73VC5BzzTwoHg==}
    peerDependencies:
      '@tiptap/core': ^2.0.0
    dependencies:
      '@tiptap/core': 2.4.0(@tiptap/pm@2.4.0)
    dev: false

  /@tiptap/extension-dropcursor@2.4.0(@tiptap/core@2.4.0)(@tiptap/pm@2.4.0):
    resolution: {integrity: sha512-c46HoG2PEEpSZv5rmS5UX/lJ6/kP1iVO0Ax+6JrNfLEIiDULUoi20NqdjolEa38La2VhWvs+o20OviiTOKEE9g==}
    peerDependencies:
      '@tiptap/core': ^2.0.0
      '@tiptap/pm': ^2.0.0
    dependencies:
      '@tiptap/core': 2.4.0(@tiptap/pm@2.4.0)
      '@tiptap/pm': 2.4.0
    dev: false

  /@tiptap/extension-floating-menu@2.4.0(@tiptap/core@2.4.0)(@tiptap/pm@2.4.0):
    resolution: {integrity: sha512-vLb9v+htbHhXyty0oaXjT3VC8St4xuGSHWUB9GuAJAQ+NajIO6rBPbLUmm9qM0Eh2zico5mpSD1Qtn5FM6xYzg==}
    peerDependencies:
      '@tiptap/core': ^2.0.0
      '@tiptap/pm': ^2.0.0
    dependencies:
      '@tiptap/core': 2.4.0(@tiptap/pm@2.4.0)
      '@tiptap/pm': 2.4.0
      tippy.js: 6.3.7
    dev: false

  /@tiptap/extension-gapcursor@2.4.0(@tiptap/core@2.4.0)(@tiptap/pm@2.4.0):
    resolution: {integrity: sha512-F4y/0J2lseohkFUw9P2OpKhrJ6dHz69ZScABUvcHxjznJLd6+0Zt7014Lw5PA8/m2d/w0fX8LZQ88pZr4quZPQ==}
    peerDependencies:
      '@tiptap/core': ^2.0.0
      '@tiptap/pm': ^2.0.0
    dependencies:
      '@tiptap/core': 2.4.0(@tiptap/pm@2.4.0)
      '@tiptap/pm': 2.4.0
    dev: false

  /@tiptap/extension-hard-break@2.4.0(@tiptap/core@2.4.0):
    resolution: {integrity: sha512-3+Z6zxevtHza5IsDBZ4lZqvNR3Kvdqwxq/QKCKu9UhJN1DUjsg/l1Jn2NilSQ3NYkBYh2yJjT8CMo9pQIu776g==}
    peerDependencies:
      '@tiptap/core': ^2.0.0
    dependencies:
      '@tiptap/core': 2.4.0(@tiptap/pm@2.4.0)
    dev: false

  /@tiptap/extension-heading@2.4.0(@tiptap/core@2.4.0):
    resolution: {integrity: sha512-fYkyP/VMo7YHO76YVrUjd95Qeo0cubWn/Spavmwm1gLTHH/q7xMtbod2Z/F0wd6QHnc7+HGhO7XAjjKWDjldaw==}
    peerDependencies:
      '@tiptap/core': ^2.0.0
    dependencies:
      '@tiptap/core': 2.4.0(@tiptap/pm@2.4.0)
    dev: false

  /@tiptap/extension-highlight@2.4.0(@tiptap/core@2.4.0):
    resolution: {integrity: sha512-p2I/CaMrs6hzpj/dSw6UNobOWTV38yTjPK+B4ShJQ7IN2u/C82KOTOeFfJoFd9KykmpVOVW3w3nKG3ad0HXPuQ==}
    peerDependencies:
      '@tiptap/core': ^2.0.0
    dependencies:
      '@tiptap/core': 2.4.0(@tiptap/pm@2.4.0)
    dev: false

  /@tiptap/extension-history@2.4.0(@tiptap/core@2.4.0)(@tiptap/pm@2.4.0):
    resolution: {integrity: sha512-gr5qsKAXEVGr1Lyk1598F7drTaEtAxqZiuuSwTCzZzkiwgEQsWMWTWc9F8FlneCEaqe1aIYg6WKWlmYPaFwr0w==}
    peerDependencies:
      '@tiptap/core': ^2.0.0
      '@tiptap/pm': ^2.0.0
    dependencies:
      '@tiptap/core': 2.4.0(@tiptap/pm@2.4.0)
      '@tiptap/pm': 2.4.0
    dev: false

  /@tiptap/extension-horizontal-rule@2.4.0(@tiptap/core@2.4.0)(@tiptap/pm@2.4.0):
    resolution: {integrity: sha512-yDgxy+YxagcEsBbdWvbQiXYxsv3noS1VTuGwc9G7ZK9xPmBHJ5y0agOkB7HskwsZvJHoaSqNRsh7oZTkf0VR3g==}
    peerDependencies:
      '@tiptap/core': ^2.0.0
      '@tiptap/pm': ^2.0.0
    dependencies:
      '@tiptap/core': 2.4.0(@tiptap/pm@2.4.0)
      '@tiptap/pm': 2.4.0
    dev: false

  /@tiptap/extension-italic@2.4.0(@tiptap/core@2.4.0):
    resolution: {integrity: sha512-aaW/L9q+KNHHK+X73MPloHeIsT191n3VLd3xm6uUcFDnUNvzYJ/q65/1ZicdtCaOLvTutxdrEvhbkrVREX6a8g==}
    peerDependencies:
      '@tiptap/core': ^2.0.0
    dependencies:
      '@tiptap/core': 2.4.0(@tiptap/pm@2.4.0)
    dev: false

  /@tiptap/extension-list-item@2.4.0(@tiptap/core@2.4.0):
    resolution: {integrity: sha512-reUVUx+2cI2NIAqMZhlJ9uK/+zvRzm1GTmlU2Wvzwc7AwLN4yemj6mBDsmBLEXAKPvitfLh6EkeHaruOGymQtg==}
    peerDependencies:
      '@tiptap/core': ^2.0.0
    dependencies:
      '@tiptap/core': 2.4.0(@tiptap/pm@2.4.0)
    dev: false

  /@tiptap/extension-mention@2.4.0(@tiptap/core@2.4.0)(@tiptap/pm@2.4.0)(@tiptap/suggestion@2.4.0):
    resolution: {integrity: sha512-7BqCNfqF1Mv9IrtdlHADwXMFo968UNmthf/TepVXC7EX2Ke6/Y4vvxmpYVNZc55FdswFwpVyZ2VeXBj3AC2JcA==}
    peerDependencies:
      '@tiptap/core': ^2.0.0
      '@tiptap/pm': ^2.0.0
      '@tiptap/suggestion': ^2.0.0
    dependencies:
      '@tiptap/core': 2.4.0(@tiptap/pm@2.4.0)
      '@tiptap/pm': 2.4.0
      '@tiptap/suggestion': 2.4.0(@tiptap/core@2.4.0)(@tiptap/pm@2.4.0)
    dev: false

  /@tiptap/extension-ordered-list@2.4.0(@tiptap/core@2.4.0):
    resolution: {integrity: sha512-Zo0c9M0aowv+2+jExZiAvhCB83GZMjZsxywmuOrdUbq5EGYKb7q8hDyN3hkrktVHr9UPXdPAYTmLAHztTOHYRA==}
    peerDependencies:
      '@tiptap/core': ^2.0.0
    dependencies:
      '@tiptap/core': 2.4.0(@tiptap/pm@2.4.0)
    dev: false

  /@tiptap/extension-paragraph@2.4.0(@tiptap/core@2.4.0):
    resolution: {integrity: sha512-+yse0Ow67IRwcACd9K/CzBcxlpr9OFnmf0x9uqpaWt1eHck1sJnti6jrw5DVVkyEBHDh/cnkkV49gvctT/NyCw==}
    peerDependencies:
      '@tiptap/core': ^2.0.0
    dependencies:
      '@tiptap/core': 2.4.0(@tiptap/pm@2.4.0)
    dev: false

  /@tiptap/extension-placeholder@2.4.0(@tiptap/core@2.4.0)(@tiptap/pm@2.4.0):
    resolution: {integrity: sha512-SmWOjgWpmhFt0BPOnL65abCUH0wS5yksUJgtANn5bQoHF4HFSsyl7ETRmgf0ykxdjc7tzOg31FfpWVH4wzKSYg==}
    peerDependencies:
      '@tiptap/core': ^2.0.0
      '@tiptap/pm': ^2.0.0
    dependencies:
      '@tiptap/core': 2.4.0(@tiptap/pm@2.4.0)
      '@tiptap/pm': 2.4.0
    dev: false

  /@tiptap/extension-strike@2.4.0(@tiptap/core@2.4.0):
    resolution: {integrity: sha512-pE1uN/fQPOMS3i+zxPYMmPmI3keubnR6ivwM+KdXWOMnBiHl9N4cNpJgq1n2eUUGKLurC2qrQHpnVyGAwBS6Vg==}
    peerDependencies:
      '@tiptap/core': ^2.0.0
    dependencies:
      '@tiptap/core': 2.4.0(@tiptap/pm@2.4.0)
    dev: false

  /@tiptap/extension-subscript@2.4.0(@tiptap/core@2.4.0):
    resolution: {integrity: sha512-exLSmSFmYN6AVww5oyroFL3KCwstT0U+ojvVhRD6DQ+Hc81d++lBKANfsWAcllXjZVGPWeMNdE66bV7oFCtQcQ==}
    peerDependencies:
      '@tiptap/core': ^2.0.0
    dependencies:
      '@tiptap/core': 2.4.0(@tiptap/pm@2.4.0)
    dev: false

  /@tiptap/extension-superscript@2.4.0(@tiptap/core@2.4.0):
    resolution: {integrity: sha512-s+GsbbERNQCn/hyaw5/82y3wHQ7o5byc/eFAKYo1p3p5eESlDaHY/xVYPt3CGOX2TJWZalgSFEFqBVdTSI8mUQ==}
    peerDependencies:
      '@tiptap/core': ^2.0.0
    dependencies:
      '@tiptap/core': 2.4.0(@tiptap/pm@2.4.0)
    dev: false

  /@tiptap/extension-task-item@2.4.0(@tiptap/core@2.4.0)(@tiptap/pm@2.4.0):
    resolution: {integrity: sha512-x40vdHnmDiBbA2pjWR/92wVGb6jT13Nk2AhRUI/oP/r4ZGKpTypoB7heDnvLBgH0Y5a51dFqU+G1SFFL30u5uA==}
    peerDependencies:
      '@tiptap/core': ^2.0.0
      '@tiptap/pm': ^2.0.0
    dependencies:
      '@tiptap/core': 2.4.0(@tiptap/pm@2.4.0)
      '@tiptap/pm': 2.4.0
    dev: false

  /@tiptap/extension-task-list@2.4.0(@tiptap/core@2.4.0):
    resolution: {integrity: sha512-vmUB3wEJU81QbiHUygBlselQW8YIW8/85UTwANvWx8+KEWyM7EUF4utcm5R2UobIprIcWb4hyVkvW/5iou25gg==}
    peerDependencies:
      '@tiptap/core': ^2.0.0
    dependencies:
      '@tiptap/core': 2.4.0(@tiptap/pm@2.4.0)
    dev: false

  /@tiptap/extension-text-align@2.4.0(@tiptap/core@2.4.0):
    resolution: {integrity: sha512-wpRe2OiLXTK4kTy4RZEPnPjFbK16kYHPAx1552hLXrOdyxbS7Sdbo+w4x7aGLLZZqZdudCFfkdtnqrc7PDVZdA==}
    peerDependencies:
      '@tiptap/core': ^2.0.0
    dependencies:
      '@tiptap/core': 2.4.0(@tiptap/pm@2.4.0)
    dev: false

  /@tiptap/extension-text@2.4.0(@tiptap/core@2.4.0):
    resolution: {integrity: sha512-LV0bvE+VowE8IgLca7pM8ll7quNH+AgEHRbSrsI3SHKDCYB9gTHMjWaAkgkUVaO1u0IfCrjnCLym/PqFKa+vvg==}
    peerDependencies:
      '@tiptap/core': ^2.0.0
    dependencies:
      '@tiptap/core': 2.4.0(@tiptap/pm@2.4.0)
    dev: false

  /@tiptap/extension-underline@2.4.0(@tiptap/core@2.4.0):
    resolution: {integrity: sha512-guWojb7JxUwLz4OKzwNExJwOkhZjgw/ttkXCMBT0PVe55k998MMYe1nvN0m2SeTW9IxurEPtScH4kYJ0XuSm8Q==}
    peerDependencies:
      '@tiptap/core': ^2.0.0
    dependencies:
      '@tiptap/core': 2.4.0(@tiptap/pm@2.4.0)
    dev: false

  /@tiptap/pm@2.4.0:
    resolution: {integrity: sha512-B1HMEqGS4MzIVXnpgRZDLm30mxDWj51LkBT/if1XD+hj5gm8B9Q0c84bhvODX6KIs+c6z+zsY9VkVu8w9Yfgxg==}
    dependencies:
      prosemirror-changeset: 2.2.1
      prosemirror-collab: 1.3.1
      prosemirror-commands: 1.5.2
      prosemirror-dropcursor: 1.8.1
      prosemirror-gapcursor: 1.3.2
      prosemirror-history: 1.4.1
      prosemirror-inputrules: 1.4.0
      prosemirror-keymap: 1.2.2
      prosemirror-markdown: 1.13.0
      prosemirror-menu: 1.2.4
      prosemirror-model: 1.21.3
      prosemirror-schema-basic: 1.2.2
      prosemirror-schema-list: 1.4.0
      prosemirror-state: 1.4.3
      prosemirror-tables: 1.3.7
      prosemirror-trailing-node: 2.0.8(prosemirror-model@1.21.3)(prosemirror-state@1.4.3)(prosemirror-view@1.33.8)
      prosemirror-transform: 1.9.0
      prosemirror-view: 1.33.8
    dev: false

  /@tiptap/starter-kit@2.4.0(@tiptap/pm@2.4.0):
    resolution: {integrity: sha512-DYYzMZdTEnRn9oZhKOeRCcB+TjhNz5icLlvJKoHoOGL9kCbuUyEf8WRR2OSPckI0+KUIPJL3oHRqO4SqSdTjfg==}
    dependencies:
      '@tiptap/core': 2.4.0(@tiptap/pm@2.4.0)
      '@tiptap/extension-blockquote': 2.4.0(@tiptap/core@2.4.0)
      '@tiptap/extension-bold': 2.4.0(@tiptap/core@2.4.0)
      '@tiptap/extension-bullet-list': 2.4.0(@tiptap/core@2.4.0)
      '@tiptap/extension-code': 2.4.0(@tiptap/core@2.4.0)
      '@tiptap/extension-code-block': 2.4.0(@tiptap/core@2.4.0)(@tiptap/pm@2.4.0)
      '@tiptap/extension-document': 2.4.0(@tiptap/core@2.4.0)
      '@tiptap/extension-dropcursor': 2.4.0(@tiptap/core@2.4.0)(@tiptap/pm@2.4.0)
      '@tiptap/extension-gapcursor': 2.4.0(@tiptap/core@2.4.0)(@tiptap/pm@2.4.0)
      '@tiptap/extension-hard-break': 2.4.0(@tiptap/core@2.4.0)
      '@tiptap/extension-heading': 2.4.0(@tiptap/core@2.4.0)
      '@tiptap/extension-history': 2.4.0(@tiptap/core@2.4.0)(@tiptap/pm@2.4.0)
      '@tiptap/extension-horizontal-rule': 2.4.0(@tiptap/core@2.4.0)(@tiptap/pm@2.4.0)
      '@tiptap/extension-italic': 2.4.0(@tiptap/core@2.4.0)
      '@tiptap/extension-list-item': 2.4.0(@tiptap/core@2.4.0)
      '@tiptap/extension-ordered-list': 2.4.0(@tiptap/core@2.4.0)
      '@tiptap/extension-paragraph': 2.4.0(@tiptap/core@2.4.0)
      '@tiptap/extension-strike': 2.4.0(@tiptap/core@2.4.0)
      '@tiptap/extension-text': 2.4.0(@tiptap/core@2.4.0)
    transitivePeerDependencies:
      - '@tiptap/pm'
    dev: false

  /@tiptap/suggestion@2.4.0(@tiptap/core@2.4.0)(@tiptap/pm@2.4.0):
    resolution: {integrity: sha512-6dCkjbL8vIzcLWtS6RCBx0jlYPKf2Beuyq5nNLrDDZZuyJow5qJAY0eGu6Xomp9z0WDK/BYOxT4hHNoGMDkoAg==}
    peerDependencies:
      '@tiptap/core': ^2.0.0
      '@tiptap/pm': ^2.0.0
    dependencies:
      '@tiptap/core': 2.4.0(@tiptap/pm@2.4.0)
      '@tiptap/pm': 2.4.0
    dev: false

  /@tiptap/vue-3@2.4.0(@tiptap/core@2.4.0)(@tiptap/pm@2.4.0)(vue@3.4.31):
    resolution: {integrity: sha512-NCw1Y4ScIrMCKC9YlepUHSAB8jq/PQ2f+AbZKh5bY2t/kMSJYLCJVHq9NFzG4TQtktgMGWCcEQVcDJ7YNpsfxw==}
    peerDependencies:
      '@tiptap/core': ^2.0.0
      '@tiptap/pm': ^2.0.0
      vue: ^3.0.0
    dependencies:
      '@tiptap/core': 2.4.0(@tiptap/pm@2.4.0)
      '@tiptap/extension-bubble-menu': 2.4.0(@tiptap/core@2.4.0)(@tiptap/pm@2.4.0)
      '@tiptap/extension-floating-menu': 2.4.0(@tiptap/core@2.4.0)(@tiptap/pm@2.4.0)
      '@tiptap/pm': 2.4.0
      vue: 3.4.31
    dev: false

  /@types/hast@3.0.4:
    resolution: {integrity: sha512-WPs+bbQw5aCj+x6laNGWLH3wviHtoCv/P3+otBhbOhJgG8qtpdAMlTCxLtsTWA7LH1Oh/bFCHsBn0TPS5m30EQ==}
    dependencies:
      '@types/unist': 3.0.2
    dev: false

  /@types/unist@3.0.2:
    resolution: {integrity: sha512-dqId9J8K/vGi5Zr7oo212BGii5m3q5Hxlkwy3WpYuKPklmBEvsbMYYyLxAQpSffdLl/gdW0XUpKWFvYmyoWCoQ==}
    dev: false

  /@vue/compiler-core@3.4.31:
    resolution: {integrity: sha512-skOiodXWTV3DxfDhB4rOf3OGalpITLlgCeOwb+Y9GJpfQ8ErigdBUHomBzvG78JoVE8MJoQsb+qhZiHfKeNeEg==}
    dependencies:
      '@babel/parser': 7.24.8
      '@vue/shared': 3.4.31
      entities: 4.5.0
      estree-walker: 2.0.2
      source-map-js: 1.2.0
    dev: false

  /@vue/compiler-dom@3.4.31:
    resolution: {integrity: sha512-wK424WMXsG1IGMyDGyLqB+TbmEBFM78hIsOJ9QwUVLGrcSk0ak6zYty7Pj8ftm7nEtdU/DGQxAXp0/lM/2cEpQ==}
    dependencies:
      '@vue/compiler-core': 3.4.31
      '@vue/shared': 3.4.31
    dev: false

  /@vue/compiler-sfc@3.4.31:
    resolution: {integrity: sha512-einJxqEw8IIJxzmnxmJBuK2usI+lJonl53foq+9etB2HAzlPjAS/wa7r0uUpXw5ByX3/0uswVSrjNb17vJm1kQ==}
    dependencies:
      '@babel/parser': 7.24.8
      '@vue/compiler-core': 3.4.31
      '@vue/compiler-dom': 3.4.31
      '@vue/compiler-ssr': 3.4.31
      '@vue/shared': 3.4.31
      estree-walker: 2.0.2
      magic-string: 0.30.10
      postcss: 8.4.39
      source-map-js: 1.2.0
    dev: false

  /@vue/compiler-ssr@3.4.31:
    resolution: {integrity: sha512-RtefmITAje3fJ8FSg1gwgDhdKhZVntIVbwupdyZDSifZTRMiWxWehAOTCc8/KZDnBOcYQ4/9VWxsTbd3wT0hAA==}
    dependencies:
      '@vue/compiler-dom': 3.4.31
      '@vue/shared': 3.4.31
    dev: false

  /@vue/reactivity@3.4.31:
    resolution: {integrity: sha512-VGkTani8SOoVkZNds1PfJ/T1SlAIOf8E58PGAhIOUDYPC4GAmFA2u/E14TDAFcf3vVDKunc4QqCe/SHr8xC65Q==}
    dependencies:
      '@vue/shared': 3.4.31
    dev: false

  /@vue/runtime-core@3.4.31:
    resolution: {integrity: sha512-LDkztxeUPazxG/p8c5JDDKPfkCDBkkiNLVNf7XZIUnJ+66GVGkP+TIh34+8LtPisZ+HMWl2zqhIw0xN5MwU1cw==}
    dependencies:
      '@vue/reactivity': 3.4.31
      '@vue/shared': 3.4.31
    dev: false

  /@vue/runtime-dom@3.4.31:
    resolution: {integrity: sha512-2Auws3mB7+lHhTFCg8E9ZWopA6Q6L455EcU7bzcQ4x6Dn4cCPuqj6S2oBZgN2a8vJRS/LSYYxwFFq2Hlx3Fsaw==}
    dependencies:
      '@vue/reactivity': 3.4.31
      '@vue/runtime-core': 3.4.31
      '@vue/shared': 3.4.31
      csstype: 3.1.3
    dev: false

  /@vue/server-renderer@3.4.31(vue@3.4.31):
    resolution: {integrity: sha512-D5BLbdvrlR9PE3by9GaUp1gQXlCNadIZytMIb8H2h3FMWJd4oUfkUTEH2wAr3qxoRz25uxbTcbqd3WKlm9EHQA==}
    peerDependencies:
      vue: 3.4.31
    dependencies:
      '@vue/compiler-ssr': 3.4.31
      '@vue/shared': 3.4.31
      vue: 3.4.31
    dev: false

  /@vue/shared@3.4.31:
    resolution: {integrity: sha512-Yp3wtJk//8cO4NItOPpi3QkLExAr/aLBGZMmTtW9WpdwBCJpRM6zj9WgWktXAl8IDIozwNMByT45JP3tO3ACWA==}
    dev: false

  /argparse@2.0.1:
    resolution: {integrity: sha512-8+9WqebbFzpX9OR+Wa6O29asIogeRMzcGtAINdpMHHyAg10f05aSFVBbcEqGf/PXw1EjAZ+q2/bEBg3DvurK3Q==}
    dev: false

  /crelt@1.0.6:
    resolution: {integrity: sha512-VQ2MBenTq1fWZUH9DJNGti7kKv6EeAuYr3cLwxUWhIu1baTaXh4Ib5W2CqHVqib4/MqbYGJqiL3Zb8GJZr3l4g==}
    dev: false

  /csstype@3.1.3:
    resolution: {integrity: sha512-M1uQkMl8rQK/szD0LNhtqxIPLpimGm8sOBwU7lLnCpSbTyY3yeU1Vc7l4KT5zT4s/yOxHH5O7tIuuLOCnLADRw==}
    dev: false

  /dequal@2.0.3:
    resolution: {integrity: sha512-0je+qPKHEMohvfRTCEo3CrPG6cAzAYgmzKyxRiYSSDkS6eGJdyVJm7WaYA5ECaAD9wLB2T4EEeymA5aFVcYXCA==}
    engines: {node: '>=6'}
    dev: false

  /devlop@1.1.0:
    resolution: {integrity: sha512-RWmIqhcFf1lRYBvNmr7qTNuyCt/7/ns2jbpp1+PalgE/rDQcBT0fioSMUpJ93irlUhC5hrg4cYqe6U+0ImW0rA==}
    dependencies:
      dequal: 2.0.3
    dev: false

  /entities@4.5.0:
    resolution: {integrity: sha512-V0hjH4dGPh9Ao5p0MoRY6BVqtwCjhz6vI5LT8AJ55H+4g9/4vbHx1I54fS0XuclLhDHArPQCiMjDxjaL8fPxhw==}
    engines: {node: '>=0.12'}
    dev: false

  /escape-string-regexp@4.0.0:
    resolution: {integrity: sha512-TtpcNJ3XAzx3Gq8sWRzJaVajRs0uVxA2YAkdb1jm2YkPz4G6egUFAyA3n5vtEIZefPk5Wa4UXbKuS5fKkJWdgA==}
    engines: {node: '>=10'}
    dev: false

  /estree-walker@2.0.2:
    resolution: {integrity: sha512-Rfkk/Mp/DL7JVje3u18FxFujQlTNR2q6QfMSMB7AvCBx91NGj/ba3kCfza0f6dVDbw7YlRf/nDrn7pQrCCyQ/w==}
    dev: false

  /highlight.js@11.10.0:
    resolution: {integrity: sha512-SYVnVFswQER+zu1laSya563s+F8VDGt7o35d4utbamowvUNLLMovFqwCLSocpZTz3MgaSRA1IbqRWZv97dtErQ==}
    engines: {node: '>=12.0.0'}
    dev: false

  /highlight.js@11.9.0:
    resolution: {integrity: sha512-fJ7cW7fQGCYAkgv4CPfwFHrfd/cLS4Hau96JuJ+ZTOWhjnhoeN1ub1tFmALm/+lW5z4WCAuAV9bm05AP0mS6Gw==}
    engines: {node: '>=12.0.0'}
    dev: false

  /isomorphic.js@0.2.5:
    resolution: {integrity: sha512-PIeMbHqMt4DnUP3MA/Flc0HElYjMXArsw1qwJZcm9sqR8mq3l8NYizFMty0pWwE/tzIGH3EKK5+jes5mAr85yw==}
    dev: false

  /lib0@0.2.94:
    resolution: {integrity: sha512-hZ3p54jL4Wpu7IOg26uC7dnEWiMyNlUrb9KoG7+xYs45WkQwpVvKFndVq2+pqLYKe1u8Fp3+zAfZHVvTK34PvQ==}
    engines: {node: '>=16'}
    hasBin: true
    dependencies:
      isomorphic.js: 0.2.5
    dev: false

  /linkify-it@5.0.0:
    resolution: {integrity: sha512-5aHCbzQRADcdP+ATqnDuhhJ/MRIqDkZX5pyjFHRRysS8vZ5AbqGEoFIb6pYHPZ+L/OC2Lc+xT8uHVVR5CAK/wQ==}
    dependencies:
      uc.micro: 2.1.0
    dev: false

  /lowlight@3.1.0:
    resolution: {integrity: sha512-CEbNVoSikAxwDMDPjXlqlFYiZLkDJHwyGu/MfOsJnF3d7f3tds5J3z8s/l9TMXhzfsJCCJEAsD78842mwmg0PQ==}
    dependencies:
      '@types/hast': 3.0.4
      devlop: 1.1.0
      highlight.js: 11.9.0
    dev: false

  /magic-string@0.30.10:
    resolution: {integrity: sha512-iIRwTIf0QKV3UAnYK4PU8uiEc4SRh5jX0mwpIwETPpHdhVM4f53RSwS/vXvN1JhGX+Cs7B8qIq3d6AH49O5fAQ==}
    dependencies:
      '@jridgewell/sourcemap-codec': 1.5.0
    dev: false

  /markdown-it@14.1.0:
    resolution: {integrity: sha512-a54IwgWPaeBCAAsv13YgmALOF1elABB08FxO9i+r4VFk5Vl4pKokRPeX8u5TCgSsPi6ec1otfLjdOpVcgbpshg==}
    hasBin: true
    dependencies:
      argparse: 2.0.1
      entities: 4.5.0
      linkify-it: 5.0.0
      mdurl: 2.0.0
      punycode.js: 2.3.1
      uc.micro: 2.1.0
    dev: false

  /mdurl@2.0.0:
    resolution: {integrity: sha512-Lf+9+2r+Tdp5wXDXC4PcIBjTDtq4UKjCPMQhKIuzpJNW0b96kVqSwW0bT7FhRSfmAiFYgP+SCRvdrDozfh0U5w==}
    dev: false

  /nanoid@3.3.7:
    resolution: {integrity: sha512-eSRppjcPIatRIMC1U6UngP8XFcz8MQWGQdt1MTBQ7NaAmvXDfvNxbvWV3x2y6CdEUciCSsDHDQZbhYaB8QEo2g==}
    engines: {node: ^10 || ^12 || ^13.7 || ^14 || >=15.0.1}
    hasBin: true
    dev: false

  /orderedmap@2.1.1:
    resolution: {integrity: sha512-TvAWxi0nDe1j/rtMcWcIj94+Ffe6n7zhow33h40SKxmsmozs6dz/e+EajymfoFcHd7sxNn8yHM8839uixMOV6g==}
    dev: false

  /picocolors@1.0.1:
    resolution: {integrity: sha512-anP1Z8qwhkbmu7MFP5iTt+wQKXgwzf7zTyGlcdzabySa9vd0Xt392U0rVmz9poOaBj0uHJKyyo9/upk0HrEQew==}
    dev: false

  /postcss@8.4.39:
    resolution: {integrity: sha512-0vzE+lAiG7hZl1/9I8yzKLx3aR9Xbof3fBHKunvMfOCYAtMhrsnccJY2iTURb9EZd5+pLuiNV9/c/GZJOHsgIw==}
    engines: {node: ^10 || ^12 || >=14}
    dependencies:
      nanoid: 3.3.7
      picocolors: 1.0.1
      source-map-js: 1.2.0
    dev: false

  /prosemirror-changeset@2.2.1:
    resolution: {integrity: sha512-J7msc6wbxB4ekDFj+n9gTW/jav/p53kdlivvuppHsrZXCaQdVgRghoZbSS3kwrRyAstRVQ4/+u5k7YfLgkkQvQ==}
    dependencies:
      prosemirror-transform: 1.9.0
    dev: false

  /prosemirror-collab@1.3.1:
    resolution: {integrity: sha512-4SnynYR9TTYaQVXd/ieUvsVV4PDMBzrq2xPUWutHivDuOshZXqQ5rGbZM84HEaXKbLdItse7weMGOUdDVcLKEQ==}
    dependencies:
      prosemirror-state: 1.4.3
    dev: false

  /prosemirror-commands@1.5.2:
    resolution: {integrity: sha512-hgLcPaakxH8tu6YvVAaILV2tXYsW3rAdDR8WNkeKGcgeMVQg3/TMhPdVoh7iAmfgVjZGtcOSjKiQaoeKjzd2mQ==}
    dependencies:
      prosemirror-model: 1.21.3
      prosemirror-state: 1.4.3
      prosemirror-transform: 1.9.0
    dev: false

  /prosemirror-dropcursor@1.8.1:
    resolution: {integrity: sha512-M30WJdJZLyXHi3N8vxN6Zh5O8ZBbQCz0gURTfPmTIBNQ5pxrdU7A58QkNqfa98YEjSAL1HUyyU34f6Pm5xBSGw==}
    dependencies:
      prosemirror-state: 1.4.3
      prosemirror-transform: 1.9.0
      prosemirror-view: 1.33.8
    dev: false

  /prosemirror-gapcursor@1.3.2:
    resolution: {integrity: sha512-wtjswVBd2vaQRrnYZaBCbyDqr232Ed4p2QPtRIUK5FuqHYKGWkEwl08oQM4Tw7DOR0FsasARV5uJFvMZWxdNxQ==}
    dependencies:
      prosemirror-keymap: 1.2.2
      prosemirror-model: 1.21.3
      prosemirror-state: 1.4.3
      prosemirror-view: 1.33.8
    dev: false

  /prosemirror-history@1.4.1:
    resolution: {integrity: sha512-2JZD8z2JviJrboD9cPuX/Sv/1ChFng+xh2tChQ2X4bB2HeK+rra/bmJ3xGntCcjhOqIzSDG6Id7e8RJ9QPXLEQ==}
    dependencies:
      prosemirror-state: 1.4.3
      prosemirror-transform: 1.9.0
      prosemirror-view: 1.33.8
      rope-sequence: 1.3.4
    dev: false

  /prosemirror-inputrules@1.4.0:
    resolution: {integrity: sha512-6ygpPRuTJ2lcOXs9JkefieMst63wVJBgHZGl5QOytN7oSZs3Co/BYbc3Yx9zm9H37Bxw8kVzCnDsihsVsL4yEg==}
    dependencies:
      prosemirror-state: 1.4.3
      prosemirror-transform: 1.9.0
    dev: false

  /prosemirror-keymap@1.2.2:
    resolution: {integrity: sha512-EAlXoksqC6Vbocqc0GtzCruZEzYgrn+iiGnNjsJsH4mrnIGex4qbLdWWNza3AW5W36ZRrlBID0eM6bdKH4OStQ==}
    dependencies:
      prosemirror-state: 1.4.3
      w3c-keyname: 2.2.8
    dev: false

  /prosemirror-markdown@1.13.0:
    resolution: {integrity: sha512-UziddX3ZYSYibgx8042hfGKmukq5Aljp2qoBiJRejD/8MH70siQNz5RB1TrdTPheqLMy4aCe4GYNF10/3lQS5g==}
    dependencies:
      markdown-it: 14.1.0
      prosemirror-model: 1.21.3
    dev: false

  /prosemirror-menu@1.2.4:
    resolution: {integrity: sha512-S/bXlc0ODQup6aiBbWVsX/eM+xJgCTAfMq/nLqaO5ID/am4wS0tTCIkzwytmao7ypEtjj39i7YbJjAgO20mIqA==}
    dependencies:
      crelt: 1.0.6
      prosemirror-commands: 1.5.2
      prosemirror-history: 1.4.1
      prosemirror-state: 1.4.3
    dev: false

  /prosemirror-model@1.21.3:
    resolution: {integrity: sha512-nt2Xs/RNGepD9hrrkzXvtCm1mpGJoQfFSPktGa0BF/aav6XsnmVGZ9sTXNWRLupAz5SCLa3EyKlFeK7zJWROKg==}
    dependencies:
      orderedmap: 2.1.1
    dev: false

  /prosemirror-schema-basic@1.2.2:
    resolution: {integrity: sha512-/dT4JFEGyO7QnNTe9UaKUhjDXbTNkiWTq/N4VpKaF79bBjSExVV2NXmJpcM7z/gD7mbqNjxbmWW5nf1iNSSGnw==}
    dependencies:
      prosemirror-model: 1.21.3
    dev: false

  /prosemirror-schema-list@1.4.0:
    resolution: {integrity: sha512-nZOIq/AkBSzCENxUyLm5ltWE53e2PLk65ghMN8qLQptOmDVixZlPqtMeQdiNw0odL9vNpalEjl3upgRkuJ/Jyw==}
    dependencies:
      prosemirror-model: 1.21.3
      prosemirror-state: 1.4.3
      prosemirror-transform: 1.9.0
    dev: false

  /prosemirror-state@1.4.3:
    resolution: {integrity: sha512-goFKORVbvPuAQaXhpbemJFRKJ2aixr+AZMGiquiqKxaucC6hlpHNZHWgz5R7dS4roHiwq9vDctE//CZ++o0W1Q==}
    dependencies:
      prosemirror-model: 1.21.3
      prosemirror-transform: 1.9.0
      prosemirror-view: 1.33.8
    dev: false

  /prosemirror-tables@1.3.7:
    resolution: {integrity: sha512-oEwX1wrziuxMtwFvdDWSFHVUWrFJWt929kVVfHvtTi8yvw+5ppxjXZkMG/fuTdFo+3DXyIPSKfid+Be1npKXDA==}
    dependencies:
      prosemirror-keymap: 1.2.2
      prosemirror-model: 1.21.3
      prosemirror-state: 1.4.3
      prosemirror-transform: 1.9.0
      prosemirror-view: 1.33.8
    dev: false

  /prosemirror-trailing-node@2.0.8(prosemirror-model@1.21.3)(prosemirror-state@1.4.3)(prosemirror-view@1.33.8):
    resolution: {integrity: sha512-ujRYhSuhQb1Jsarh1IHqb2KoSnRiD7wAMDGucP35DN7j5af6X7B18PfdPIrbwsPTqIAj0fyOvxbuPsWhNvylmA==}
    peerDependencies:
      prosemirror-model: ^1.19.0
      prosemirror-state: ^1.4.2
      prosemirror-view: ^1.31.2
    dependencies:
      '@remirror/core-constants': 2.0.2
      escape-string-regexp: 4.0.0
      prosemirror-model: 1.21.3
      prosemirror-state: 1.4.3
      prosemirror-view: 1.33.8
    dev: false

  /prosemirror-transform@1.9.0:
    resolution: {integrity: sha512-5UXkr1LIRx3jmpXXNKDhv8OyAOeLTGuXNwdVfg8x27uASna/wQkr9p6fD3eupGOi4PLJfbezxTyi/7fSJypXHg==}
    dependencies:
      prosemirror-model: 1.21.3
    dev: false

  /prosemirror-view@1.33.8:
    resolution: {integrity: sha512-4PhMr/ufz2cdvFgpUAnZfs+0xij3RsFysreeG9V/utpwX7AJtYCDVyuRxzWoMJIEf4C7wVihuBNMPpFLPCiLQw==}
    dependencies:
      prosemirror-model: 1.21.3
      prosemirror-state: 1.4.3
      prosemirror-transform: 1.9.0
    dev: false

  /punycode.js@2.3.1:
    resolution: {integrity: sha512-uxFIHU0YlHYhDQtV4R9J6a52SLx28BCjT+4ieh7IGbgwVJWO+km431c4yRlREUAsAmt/uMjQUyQHNEPf0M39CA==}
    engines: {node: '>=6'}
    dev: false

  /rope-sequence@1.3.4:
    resolution: {integrity: sha512-UT5EDe2cu2E/6O4igUr5PSFs23nvvukicWHx6GnOPlHAiiYbzNuCRQCuiUdHJQcqKalLKlrYJnjY0ySGsXNQXQ==}
    dev: false

  /source-map-js@1.2.0:
    resolution: {integrity: sha512-itJW8lvSA0TXEphiRoawsCksnlf8SyvmFzIhltqAHluXd88pkCd+cXJVHTDwdCr0IzwptSm035IHQktUu1QUMg==}
    engines: {node: '>=0.10.0'}
    dev: false

  /tippy.js@6.3.7:
    resolution: {integrity: sha512-E1d3oP2emgJ9dRQZdf3Kkn0qJgI6ZLpyS5z6ZkY1DF3kaQaBsGZsndEpHwx+eC+tYM41HaSNvNtLx8tU57FzTQ==}
    dependencies:
      '@popperjs/core': 2.11.8
    dev: false

  /to-fast-properties@2.0.0:
    resolution: {integrity: sha512-/OaKK0xYrs3DmxRYqL/yDc+FxFUVYhDlXMhRmv3z915w2HF1tnN1omB354j8VUGO/hbRzyD6Y3sA7v7GS/ceog==}
    engines: {node: '>=4'}
    dev: false

  /uc.micro@2.1.0:
    resolution: {integrity: sha512-ARDJmphmdvUk6Glw7y9DQ2bFkKBHwQHLi2lsaH6PPmz/Ka9sFOBsBluozhDltWmnv9u/cF6Rt87znRTPV+yp/A==}
    dev: false

  /vue@3.4.31:
    resolution: {integrity: sha512-njqRrOy7W3YLAlVqSKpBebtZpDVg21FPoaq1I7f/+qqBThK9ChAIjkRWgeP6Eat+8C+iia4P3OYqpATP21BCoQ==}
    peerDependencies:
      typescript: '*'
    peerDependenciesMeta:
      typescript:
        optional: true
    dependencies:
      '@vue/compiler-dom': 3.4.31
      '@vue/compiler-sfc': 3.4.31
      '@vue/runtime-dom': 3.4.31
      '@vue/server-renderer': 3.4.31(vue@3.4.31)
      '@vue/shared': 3.4.31
    dev: false

  /w3c-keyname@2.2.8:
    resolution: {integrity: sha512-dpojBhNsCNN7T82Tm7k26A6G9ML3NkhDsnw9n/eoxSRlVBB4CEtIQ/KTCLI2Fwf3ataSXRhYFkQi3SlnFwPvPQ==}
    dev: false

  /y-prosemirror@1.2.9(prosemirror-model@1.21.3)(prosemirror-state@1.4.3)(prosemirror-view@1.33.8)(y-protocols@1.0.6)(yjs@13.6.18):
    resolution: {integrity: sha512-fThGIVmSqrqnG/ckywEGlHM9ElfILC4TcMZd5zxWPe/i+UuP97TEr4swsopRKG3Y+KHBVt4Y/5NVBC3AAsUoUg==}
    engines: {node: '>=16.0.0', npm: '>=8.0.0'}
    peerDependencies:
      prosemirror-model: ^1.7.1
      prosemirror-state: ^1.2.3
      prosemirror-view: ^1.9.10
      y-protocols: ^1.0.1
      yjs: ^13.5.38
    dependencies:
      lib0: 0.2.94
      prosemirror-model: 1.21.3
      prosemirror-state: 1.4.3
      prosemirror-view: 1.33.8
      y-protocols: 1.0.6(yjs@13.6.18)
      yjs: 13.6.18
    dev: false

  /y-protocols@1.0.6(yjs@13.6.18):
    resolution: {integrity: sha512-vHRF2L6iT3rwj1jub/K5tYcTT/mEYDUppgNPXwp8fmLpui9f7Yeq3OEtTLVF012j39QnV+KEQpNqoN7CWU7Y9Q==}
    engines: {node: '>=16.0.0', npm: '>=8.0.0'}
    peerDependencies:
      yjs: ^13.0.0
    dependencies:
      lib0: 0.2.94
      yjs: 13.6.18
    dev: false

  /yjs@13.6.18:
    resolution: {integrity: sha512-GBTjO4QCmv2HFKFkYIJl7U77hIB1o22vSCSQD1Ge8ZxWbIbn8AltI4gyXbtL+g5/GJep67HCMq3Y5AmNwDSyEg==}
    engines: {node: '>=16.0.0', npm: '>=8.0.0'}
    dependencies:
      lib0: 0.2.94
    dev: false
